// !$*UTF8*$!
{
	archiveVersion = 1;
	classes = {
	};
	objectVersion = 50;
	objects = {

/* Begin PBXBuildFile section */
		2352282522A953D90046DFB5 /* AppDelegate.swift in Sources */ = {isa = PBXBuildFile; fileRef = 2352282422A953D90046DFB5 /* AppDelegate.swift */; };
		2352282722A953D90046DFB5 /* ViewController.swift in Sources */ = {isa = PBXBuildFile; fileRef = 2352282622A953D90046DFB5 /* ViewController.swift */; };
		2352282A22A953D90046DFB5 /* Main.storyboard in Resources */ = {isa = PBXBuildFile; fileRef = 2352282822A953D90046DFB5 /* Main.storyboard */; };
		2352282C22A953DB0046DFB5 /* Assets.xcassets in Resources */ = {isa = PBXBuildFile; fileRef = 2352282B22A953DB0046DFB5 /* Assets.xcassets */; };
		2352282F22A953DB0046DFB5 /* LaunchScreen.storyboard in Resources */ = {isa = PBXBuildFile; fileRef = 2352282D22A953DB0046DFB5 /* LaunchScreen.storyboard */; };
		2352283A22A953DB0046DFB5 /* HelloWorldTests.swift in Sources */ = {isa = PBXBuildFile; fileRef = 2352283922A953DB0046DFB5 /* HelloWorldTests.swift */; };
		2352284522A953DB0046DFB5 /* HelloWorldUITests.swift in Sources */ = {isa = PBXBuildFile; fileRef = 2352284422A953DB0046DFB5 /* HelloWorldUITests.swift */; };
		2352285322A992B20046DFB5 /* APIController.swift in Sources */ = {isa = PBXBuildFile; fileRef = 2352285222A992B20046DFB5 /* APIController.swift */; };
		2352285522A999920046DFB5 /* MajorStockIndexes.swift in Sources */ = {isa = PBXBuildFile; fileRef = 2352285422A999920046DFB5 /* MajorStockIndexes.swift */; };
/* End PBXBuildFile section */

/* Begin PBXContainerItemProxy section */
		2352283622A953DB0046DFB5 /* PBXContainerItemProxy */ = {
			isa = PBXContainerItemProxy;
			containerPortal = 2352281922A953D90046DFB5 /* Project object */;
			proxyType = 1;
			remoteGlobalIDString = 2352282022A953D90046DFB5;
			remoteInfo = HelloWorld;
		};
		2352284122A953DB0046DFB5 /* PBXContainerItemProxy */ = {
			isa = PBXContainerItemProxy;
			containerPortal = 2352281922A953D90046DFB5 /* Project object */;
			proxyType = 1;
			remoteGlobalIDString = 2352282022A953D90046DFB5;
			remoteInfo = HelloWorld;
		};
/* End PBXContainerItemProxy section */

/* Begin PBXFileReference section */
		2352282122A953D90046DFB5 /* HelloWorld.app */ = {isa = PBXFileReference; explicitFileType = wrapper.application; includeInIndex = 0; path = HelloWorld.app; sourceTree = BUILT_PRODUCTS_DIR; };
		2352282422A953D90046DFB5 /* AppDelegate.swift */ = {isa = PBXFileReference; lastKnownFileType = sourcecode.swift; path = AppDelegate.swift; sourceTree = "<group>"; };
		2352282622A953D90046DFB5 /* ViewController.swift */ = {isa = PBXFileReference; lastKnownFileType = sourcecode.swift; path = ViewController.swift; sourceTree = "<group>"; };
		2352282922A953D90046DFB5 /* Base */ = {isa = PBXFileReference; lastKnownFileType = file.storyboard; name = Base; path = Base.lproj/Main.storyboard; sourceTree = "<group>"; };
		2352282B22A953DB0046DFB5 /* Assets.xcassets */ = {isa = PBXFileReference; lastKnownFileType = folder.assetcatalog; path = Assets.xcassets; sourceTree = "<group>"; };
		2352282E22A953DB0046DFB5 /* Base */ = {isa = PBXFileReference; lastKnownFileType = file.storyboard; name = Base; path = Base.lproj/LaunchScreen.storyboard; sourceTree = "<group>"; };
		2352283022A953DB0046DFB5 /* Info.plist */ = {isa = PBXFileReference; lastKnownFileType = text.plist.xml; path = Info.plist; sourceTree = "<group>"; };
		2352283522A953DB0046DFB5 /* HelloWorldTests.xctest */ = {isa = PBXFileReference; explicitFileType = wrapper.cfbundle; includeInIndex = 0; path = HelloWorldTests.xctest; sourceTree = BUILT_PRODUCTS_DIR; };
		2352283922A953DB0046DFB5 /* HelloWorldTests.swift */ = {isa = PBXFileReference; lastKnownFileType = sourcecode.swift; path = HelloWorldTests.swift; sourceTree = "<group>"; };
		2352283B22A953DB0046DFB5 /* Info.plist */ = {isa = PBXFileReference; lastKnownFileType = text.plist.xml; path = Info.plist; sourceTree = "<group>"; };
		2352284022A953DB0046DFB5 /* HelloWorldUITests.xctest */ = {isa = PBXFileReference; explicitFileType = wrapper.cfbundle; includeInIndex = 0; path = HelloWorldUITests.xctest; sourceTree = BUILT_PRODUCTS_DIR; };
		2352284422A953DB0046DFB5 /* HelloWorldUITests.swift */ = {isa = PBXFileReference; lastKnownFileType = sourcecode.swift; path = HelloWorldUITests.swift; sourceTree = "<group>"; };
		2352284622A953DB0046DFB5 /* Info.plist */ = {isa = PBXFileReference; lastKnownFileType = text.plist.xml; path = Info.plist; sourceTree = "<group>"; };
		2352285222A992B20046DFB5 /* APIController.swift */ = {isa = PBXFileReference; lastKnownFileType = sourcecode.swift; path = APIController.swift; sourceTree = "<group>"; };
		2352285422A999920046DFB5 /* MajorStockIndexes.swift */ = {isa = PBXFileReference; lastKnownFileType = sourcecode.swift; path = MajorStockIndexes.swift; sourceTree = "<group>"; };
/* End PBXFileReference section */

/* Begin PBXFrameworksBuildPhase section */
		2352281E22A953D90046DFB5 /* Frameworks */ = {
			isa = PBXFrameworksBuildPhase;
			buildActionMask = 2147483647;
			files = (
			);
			runOnlyForDeploymentPostprocessing = 0;
		};
		2352283222A953DB0046DFB5 /* Frameworks */ = {
			isa = PBXFrameworksBuildPhase;
			buildActionMask = 2147483647;
			files = (
			);
			runOnlyForDeploymentPostprocessing = 0;
		};
		2352283D22A953DB0046DFB5 /* Frameworks */ = {
			isa = PBXFrameworksBuildPhase;
			buildActionMask = 2147483647;
			files = (
			);
			runOnlyForDeploymentPostprocessing = 0;
		};
/* End PBXFrameworksBuildPhase section */

/* Begin PBXGroup section */
		2352281822A953D90046DFB5 = {
			isa = PBXGroup;
			children = (
				2352282322A953D90046DFB5 /* HelloWorld */,
				2352283822A953DB0046DFB5 /* HelloWorldTests */,
				2352284322A953DB0046DFB5 /* HelloWorldUITests */,
				2352282222A953D90046DFB5 /* Products */,
			);
			sourceTree = "<group>";
		};
		2352282222A953D90046DFB5 /* Products */ = {
			isa = PBXGroup;
			children = (
				2352282122A953D90046DFB5 /* HelloWorld.app */,
				2352283522A953DB0046DFB5 /* HelloWorldTests.xctest */,
				2352284022A953DB0046DFB5 /* HelloWorldUITests.xctest */,
			);
			name = Products;
			sourceTree = "<group>";
		};
		2352282322A953D90046DFB5 /* HelloWorld */ = {
			isa = PBXGroup;
			children = (
				2352282422A953D90046DFB5 /* AppDelegate.swift */,
				2352282622A953D90046DFB5 /* ViewController.swift */,
				2352282822A953D90046DFB5 /* Main.storyboard */,
				2352282B22A953DB0046DFB5 /* Assets.xcassets */,
				2352282D22A953DB0046DFB5 /* LaunchScreen.storyboard */,
				2352283022A953DB0046DFB5 /* Info.plist */,
				2352285222A992B20046DFB5 /* APIController.swift */,
				2352285422A999920046DFB5 /* MajorStockIndexes.swift */,
			);
			path = HelloWorld;
			sourceTree = "<group>";
		};
		2352283822A953DB0046DFB5 /* HelloWorldTests */ = {
			isa = PBXGroup;
			children = (
				2352283922A953DB0046DFB5 /* HelloWorldTests.swift */,
				2352283B22A953DB0046DFB5 /* Info.plist */,
			);
			path = HelloWorldTests;
			sourceTree = "<group>";
		};
		2352284322A953DB0046DFB5 /* HelloWorldUITests */ = {
			isa = PBXGroup;
			children = (
				2352284422A953DB0046DFB5 /* HelloWorldUITests.swift */,
				2352284622A953DB0046DFB5 /* Info.plist */,
			);
			path = HelloWorldUITests;
			sourceTree = "<group>";
		};
/* End PBXGroup section */

/* Begin PBXNativeTarget section */
		2352282022A953D90046DFB5 /* HelloWorld */ = {
			isa = PBXNativeTarget;
			buildConfigurationList = 2352284922A953DB0046DFB5 /* Build configuration list for PBXNativeTarget "HelloWorld" */;
			buildPhases = (
				2352281D22A953D90046DFB5 /* Sources */,
				2352281E22A953D90046DFB5 /* Frameworks */,
				2352281F22A953D90046DFB5 /* Resources */,
			);
			buildRules = (
			);
			dependencies = (
			);
			name = HelloWorld;
			productName = HelloWorld;
			productReference = 2352282122A953D90046DFB5 /* HelloWorld.app */;
			productType = "com.apple.product-type.application";
		};
		2352283422A953DB0046DFB5 /* HelloWorldTests */ = {
			isa = PBXNativeTarget;
			buildConfigurationList = 2352284C22A953DB0046DFB5 /* Build configuration list for PBXNativeTarget "HelloWorldTests" */;
			buildPhases = (
				2352283122A953DB0046DFB5 /* Sources */,
				2352283222A953DB0046DFB5 /* Frameworks */,
				2352283322A953DB0046DFB5 /* Resources */,
			);
			buildRules = (
			);
			dependencies = (
				2352283722A953DB0046DFB5 /* PBXTargetDependency */,
			);
			name = HelloWorldTests;
			productName = HelloWorldTests;
			productReference = 2352283522A953DB0046DFB5 /* HelloWorldTests.xctest */;
			productType = "com.apple.product-type.bundle.unit-test";
		};
		2352283F22A953DB0046DFB5 /* HelloWorldUITests */ = {
			isa = PBXNativeTarget;
			buildConfigurationList = 2352284F22A953DB0046DFB5 /* Build configuration list for PBXNativeTarget "HelloWorldUITests" */;
			buildPhases = (
				2352283C22A953DB0046DFB5 /* Sources */,
				2352283D22A953DB0046DFB5 /* Frameworks */,
				2352283E22A953DB0046DFB5 /* Resources */,
			);
			buildRules = (
			);
			dependencies = (
				2352284222A953DB0046DFB5 /* PBXTargetDependency */,
			);
			name = HelloWorldUITests;
			productName = HelloWorldUITests;
			productReference = 2352284022A953DB0046DFB5 /* HelloWorldUITests.xctest */;
			productType = "com.apple.product-type.bundle.ui-testing";
		};
/* End PBXNativeTarget section */

/* Begin PBXProject section */
		2352281922A953D90046DFB5 /* Project object */ = {
			isa = PBXProject;
			attributes = {
				LastSwiftUpdateCheck = 1020;
				LastUpgradeCheck = 1020;
				ORGANIZATIONNAME = "Becky Santoro";
				TargetAttributes = {
					2352282022A953D90046DFB5 = {
						CreatedOnToolsVersion = 10.2.1;
					};
					2352283422A953DB0046DFB5 = {
						CreatedOnToolsVersion = 10.2.1;
						TestTargetID = 2352282022A953D90046DFB5;
					};
					2352283F22A953DB0046DFB5 = {
						CreatedOnToolsVersion = 10.2.1;
						TestTargetID = 2352282022A953D90046DFB5;
					};
				};
			};
			buildConfigurationList = 2352281C22A953D90046DFB5 /* Build configuration list for PBXProject "HelloWorld" */;
			compatibilityVersion = "Xcode 9.3";
			developmentRegion = en;
			hasScannedForEncodings = 0;
			knownRegions = (
				en,
				Base,
			);
			mainGroup = 2352281822A953D90046DFB5;
			productRefGroup = 2352282222A953D90046DFB5 /* Products */;
			projectDirPath = "";
			projectRoot = "";
			targets = (
				2352282022A953D90046DFB5 /* HelloWorld */,
				2352283422A953DB0046DFB5 /* HelloWorldTests */,
				2352283F22A953DB0046DFB5 /* HelloWorldUITests */,
			);
		};
/* End PBXProject section */

/* Begin PBXResourcesBuildPhase section */
		2352281F22A953D90046DFB5 /* Resources */ = {
			isa = PBXResourcesBuildPhase;
			buildActionMask = 2147483647;
			files = (
				2352282F22A953DB0046DFB5 /* LaunchScreen.storyboard in Resources */,
				2352282C22A953DB0046DFB5 /* Assets.xcassets in Resources */,
				2352282A22A953D90046DFB5 /* Main.storyboard in Resources */,
			);
			runOnlyForDeploymentPostprocessing = 0;
		};
		2352283322A953DB0046DFB5 /* Resources */ = {
			isa = PBXResourcesBuildPhase;
			buildActionMask = 2147483647;
			files = (
			);
			runOnlyForDeploymentPostprocessing = 0;
		};
		2352283E22A953DB0046DFB5 /* Resources */ = {
			isa = PBXResourcesBuildPhase;
			buildActionMask = 2147483647;
			files = (
			);
			runOnlyForDeploymentPostprocessing = 0;
		};
/* End PBXResourcesBuildPhase section */

/* Begin PBXSourcesBuildPhase section */
		2352281D22A953D90046DFB5 /* Sources */ = {
			isa = PBXSourcesBuildPhase;
			buildActionMask = 2147483647;
			files = (
				2352282722A953D90046DFB5 /* ViewController.swift in Sources */,
				2352282522A953D90046DFB5 /* AppDelegate.swift in Sources */,
				2352285322A992B20046DFB5 /* APIController.swift in Sources */,
				2352285522A999920046DFB5 /* MajorStockIndexes.swift in Sources */,
			);
			runOnlyForDeploymentPostprocessing = 0;
		};
		2352283122A953DB0046DFB5 /* Sources */ = {
			isa = PBXSourcesBuildPhase;
			buildActionMask = 2147483647;
			files = (
				2352283A22A953DB0046DFB5 /* HelloWorldTests.swift in Sources */,
			);
			runOnlyForDeploymentPostprocessing = 0;
		};
		2352283C22A953DB0046DFB5 /* Sources */ = {
			isa = PBXSourcesBuildPhase;
			buildActionMask = 2147483647;
			files = (
				2352284522A953DB0046DFB5 /* HelloWorldUITests.swift in Sources */,
			);
			runOnlyForDeploymentPostprocessing = 0;
		};
/* End PBXSourcesBuildPhase section */

/* Begin PBXTargetDependency section */
		2352283722A953DB0046DFB5 /* PBXTargetDependency */ = {
			isa = PBXTargetDependency;
			target = 2352282022A953D90046DFB5 /* HelloWorld */;
			targetProxy = 2352283622A953DB0046DFB5 /* PBXContainerItemProxy */;
		};
		2352284222A953DB0046DFB5 /* PBXTargetDependency */ = {
			isa = PBXTargetDependency;
			target = 2352282022A953D90046DFB5 /* HelloWorld */;
			targetProxy = 2352284122A953DB0046DFB5 /* PBXContainerItemProxy */;
		};
/* End PBXTargetDependency section */

/* Begin PBXVariantGroup section */
		2352282822A953D90046DFB5 /* Main.storyboard */ = {
			isa = PBXVariantGroup;
			children = (
				2352282922A953D90046DFB5 /* Base */,
			);
			name = Main.storyboard;
			sourceTree = "<group>";
		};
		2352282D22A953DB0046DFB5 /* LaunchScreen.storyboard */ = {
			isa = PBXVariantGroup;
			children = (
				2352282E22A953DB0046DFB5 /* Base */,
			);
			name = LaunchScreen.storyboard;
			sourceTree = "<group>";
		};
/* End PBXVariantGroup section */

/* Begin XCBuildConfiguration section */
		2352284722A953DB0046DFB5 /* Debug */ = {
			isa = XCBuildConfiguration;
			buildSettings = {
				ALWAYS_SEARCH_USER_PATHS = NO;
				CLANG_ANALYZER_NONNULL = YES;
				CLANG_ANALYZER_NUMBER_OBJECT_CONVERSION = YES_AGGRESSIVE;
				CLANG_CXX_LANGUAGE_STANDARD = "gnu++14";
				CLANG_CXX_LIBRARY = "libc++";
				CLANG_ENABLE_MODULES = YES;
				CLANG_ENABLE_OBJC_ARC = YES;
				CLANG_ENABLE_OBJC_WEAK = YES;
				CLANG_WARN_BLOCK_CAPTURE_AUTORELEASING = YES;
				CLANG_WARN_BOOL_CONVERSION = YES;
				CLANG_WARN_COMMA = YES;
				CLANG_WARN_CONSTANT_CONVERSION = YES;
				CLANG_WARN_DEPRECATED_OBJC_IMPLEMENTATIONS = YES;
				CLANG_WARN_DIRECT_OBJC_ISA_USAGE = YES_ERROR;
				CLANG_WARN_DOCUMENTATION_COMMENTS = YES;
				CLANG_WARN_EMPTY_BODY = YES;
				CLANG_WARN_ENUM_CONVERSION = YES;
				CLANG_WARN_INFINITE_RECURSION = YES;
				CLANG_WARN_INT_CONVERSION = YES;
				CLANG_WARN_NON_LITERAL_NULL_CONVERSION = YES;
				CLANG_WARN_OBJC_IMPLICIT_RETAIN_SELF = YES;
				CLANG_WARN_OBJC_LITERAL_CONVERSION = YES;
				CLANG_WARN_OBJC_ROOT_CLASS = YES_ERROR;
				CLANG_WARN_RANGE_LOOP_ANALYSIS = YES;
				CLANG_WARN_STRICT_PROTOTYPES = YES;
				CLANG_WARN_SUSPICIOUS_MOVE = YES;
				CLANG_WARN_UNGUARDED_AVAILABILITY = YES_AGGRESSIVE;
				CLANG_WARN_UNREACHABLE_CODE = YES;
				CLANG_WARN__DUPLICATE_METHOD_MATCH = YES;
				CODE_SIGN_IDENTITY = "iPhone Developer";
				COPY_PHASE_STRIP = NO;
				DEBUG_INFORMATION_FORMAT = dwarf;
				ENABLE_STRICT_OBJC_MSGSEND = YES;
				ENABLE_TESTABILITY = YES;
				GCC_C_LANGUAGE_STANDARD = gnu11;
				GCC_DYNAMIC_NO_PIC = NO;
				GCC_NO_COMMON_BLOCKS = YES;
				GCC_OPTIMIZATION_LEVEL = 0;
				GCC_PREPROCESSOR_DEFINITIONS = (
					"DEBUG=1",
					"$(inherited)",
				);
				GCC_WARN_64_TO_32_BIT_CONVERSION = YES;
				GCC_WARN_ABOUT_RETURN_TYPE = YES_ERROR;
				GCC_WARN_UNDECLARED_SELECTOR = YES;
				GCC_WARN_UNINITIALIZED_AUTOS = YES_AGGRESSIVE;
				GCC_WARN_UNUSED_FUNCTION = YES;
				GCC_WARN_UNUSED_VARIABLE = YES;
				IPHONEOS_DEPLOYMENT_TARGET = 12.2;
				MTL_ENABLE_DEBUG_INFO = INCLUDE_SOURCE;
				MTL_FAST_MATH = YES;
				ONLY_ACTIVE_ARCH = YES;
				SDKROOT = iphoneos;
				SWIFT_ACTIVE_COMPILATION_CONDITIONS = DEBUG;
				SWIFT_OPTIMIZATION_LEVEL = "-Onone";
			};
			name = Debug;
		};
		2352284822A953DB0046DFB5 /* Release */ = {
			isa = XCBuildConfiguration;
			buildSettings = {
				ALWAYS_SEARCH_USER_PATHS = NO;
				CLANG_ANALYZER_NONNULL = YES;
				CLANG_ANALYZER_NUMBER_OBJECT_CONVERSION = YES_AGGRESSIVE;
				CLANG_CXX_LANGUAGE_STANDARD = "gnu++14";
				CLANG_CXX_LIBRARY = "libc++";
				CLANG_ENABLE_MODULES = YES;
				CLANG_ENABLE_OBJC_ARC = YES;
				CLANG_ENABLE_OBJC_WEAK = YES;
				CLANG_WARN_BLOCK_CAPTURE_AUTORELEASING = YES;
				CLANG_WARN_BOOL_CONVERSION = YES;
				CLANG_WARN_COMMA = YES;
				CLANG_WARN_CONSTANT_CONVERSION = YES;
				CLANG_WARN_DEPRECATED_OBJC_IMPLEMENTATIONS = YES;
				CLANG_WARN_DIRECT_OBJC_ISA_USAGE = YES_ERROR;
				CLANG_WARN_DOCUMENTATION_COMMENTS = YES;
				CLANG_WARN_EMPTY_BODY = YES;
				CLANG_WARN_ENUM_CONVERSION = YES;
				CLANG_WARN_INFINITE_RECURSION = YES;
				CLANG_WARN_INT_CONVERSION = YES;
				CLANG_WARN_NON_LITERAL_NULL_CONVERSION = YES;
				CLANG_WARN_OBJC_IMPLICIT_RETAIN_SELF = YES;
				CLANG_WARN_OBJC_LITERAL_CONVERSION = YES;
				CLANG_WARN_OBJC_ROOT_CLASS = YES_ERROR;
				CLANG_WARN_RANGE_LOOP_ANALYSIS = YES;
				CLANG_WARN_STRICT_PROTOTYPES = YES;
				CLANG_WARN_SUSPICIOUS_MOVE = YES;
				CLANG_WARN_UNGUARDED_AVAILABILITY = YES_AGGRESSIVE;
				CLANG_WARN_UNREACHABLE_CODE = YES;
				CLANG_WARN__DUPLICATE_METHOD_MATCH = YES;
				CODE_SIGN_IDENTITY = "iPhone Developer";
				COPY_PHASE_STRIP = NO;
				DEBUG_INFORMATION_FORMAT = "dwarf-with-dsym";
				ENABLE_NS_ASSERTIONS = NO;
				ENABLE_STRICT_OBJC_MSGSEND = YES;
				GCC_C_LANGUAGE_STANDARD = gnu11;
				GCC_NO_COMMON_BLOCKS = YES;
				GCC_WARN_64_TO_32_BIT_CONVERSION = YES;
				GCC_WARN_ABOUT_RETURN_TYPE = YES_ERROR;
				GCC_WARN_UNDECLARED_SELECTOR = YES;
				GCC_WARN_UNINITIALIZED_AUTOS = YES_AGGRESSIVE;
				GCC_WARN_UNUSED_FUNCTION = YES;
				GCC_WARN_UNUSED_VARIABLE = YES;
				IPHONEOS_DEPLOYMENT_TARGET = 12.2;
				MTL_ENABLE_DEBUG_INFO = NO;
				MTL_FAST_MATH = YES;
				SDKROOT = iphoneos;
				SWIFT_COMPILATION_MODE = wholemodule;
				SWIFT_OPTIMIZATION_LEVEL = "-O";
				VALIDATE_PRODUCT = YES;
			};
			name = Release;
		};
		2352284A22A953DB0046DFB5 /* Debug */ = {
			isa = XCBuildConfiguration;
			buildSettings = {
				ASSETCATALOG_COMPILER_APPICON_NAME = AppIcon;
				CODE_SIGN_STYLE = Automatic;
				INFOPLIST_FILE = HelloWorld/Info.plist;
				LD_RUNPATH_SEARCH_PATHS = (
					"$(inherited)",
					"@executable_path/Frameworks",
				);
				PRODUCT_BUNDLE_IDENTIFIER = Learning.iOS.HelloWorld;
				PRODUCT_NAME = "$(TARGET_NAME)";
				SWIFT_VERSION = 5.0;
				TARGETED_DEVICE_FAMILY = "1,2";
			};
			name = Debug;
		};
		2352284B22A953DB0046DFB5 /* Release */ = {
			isa = XCBuildConfiguration;
			buildSettings = {
				ASSETCATALOG_COMPILER_APPICON_NAME = AppIcon;
				CODE_SIGN_STYLE = Automatic;
				INFOPLIST_FILE = HelloWorld/Info.plist;
				LD_RUNPATH_SEARCH_PATHS = (
					"$(inherited)",
					"@executable_path/Frameworks",
				);
				PRODUCT_BUNDLE_IDENTIFIER = Learning.iOS.HelloWorld;
				PRODUCT_NAME = "$(TARGET_NAME)";
				SWIFT_VERSION = 5.0;
				TARGETED_DEVICE_FAMILY = "1,2";
			};
			name = Release;
		};
		2352284D22A953DB0046DFB5 /* Debug */ = {
			isa = XCBuildConfiguration;
			buildSettings = {
				ALWAYS_EMBED_SWIFT_STANDARD_LIBRARIES = YES;
				BUNDLE_LOADER = "$(TEST_HOST)";
				CODE_SIGN_STYLE = Automatic;
				INFOPLIST_FILE = HelloWorldTests/Info.plist;
				LD_RUNPATH_SEARCH_PATHS = (
					"$(inherited)",
					"@executable_path/Frameworks",
					"@loader_path/Frameworks",
				);
				PRODUCT_BUNDLE_IDENTIFIER = Learning.iOS.HelloWorldTests;
				PRODUCT_NAME = "$(TARGET_NAME)";
				SWIFT_VERSION = 5.0;
				TARGETED_DEVICE_FAMILY = "1,2";
				TEST_HOST = "$(BUILT_PRODUCTS_DIR)/HelloWorld.app/HelloWorld";
			};
			name = Debug;
		};
		2352284E22A953DB0046DFB5 /* Release */ = {
			isa = XCBuildConfiguration;
			buildSettings = {
				ALWAYS_EMBED_SWIFT_STANDARD_LIBRARIES = YES;
				BUNDLE_LOADER = "$(TEST_HOST)";
				CODE_SIGN_STYLE = Automatic;
				INFOPLIST_FILE = HelloWorldTests/Info.plist;
				LD_RUNPATH_SEARCH_PATHS = (
					"$(inherited)",
					"@executable_path/Frameworks",
					"@loader_path/Frameworks",
				);
				PRODUCT_BUNDLE_IDENTIFIER = Learning.iOS.HelloWorldTests;
				PRODUCT_NAME = "$(TARGET_NAME)";
				SWIFT_VERSION = 5.0;
				TARGETED_DEVICE_FAMILY = "1,2";
				TEST_HOST = "$(BUILT_PRODUCTS_DIR)/HelloWorld.app/HelloWorld";
			};
			name = Release;
		};
		2352285022A953DB0046DFB5 /* Debug */ = {
			isa = XCBuildConfiguration;
			buildSettings = {
				ALWAYS_EMBED_SWIFT_STANDARD_LIBRARIES = YES;
				CODE_SIGN_STYLE = Automatic;
				INFOPLIST_FILE = HelloWorldUITests/Info.plist;
				LD_RUNPATH_SEARCH_PATHS = (
					"$(inherited)",
					"@executable_path/Frameworks",
					"@loader_path/Frameworks",
				);
				PRODUCT_BUNDLE_IDENTIFIER = Learning.iOS.HelloWorldUITests;
				PRODUCT_NAME = "$(TARGET_NAME)";
				SWIFT_VERSION = 5.0;
				TARGETED_DEVICE_FAMILY = "1,2";
				TEST_TARGET_NAME = HelloWorld;
			};
			name = Debug;
		};
		2352285122A953DB0046DFB5 /* Release */ = {
			isa = XCBuildConfiguration;
			buildSettings = {
				ALWAYS_EMBED_SWIFT_STANDARD_LIBRARIES = YES;
				CODE_SIGN_STYLE = Automatic;
				INFOPLIST_FILE = HelloWorldUITests/Info.plist;
				LD_RUNPATH_SEARCH_PATHS = (
					"$(inherited)",
					"@executable_path/Frameworks",
					"@loader_path/Frameworks",
				);
				PRODUCT_BUNDLE_IDENTIFIER = Learning.iOS.HelloWorldUITests;
				PRODUCT_NAME = "$(TARGET_NAME)";
				SWIFT_VERSION = 5.0;
				TARGETED_DEVICE_FAMILY = "1,2";
				TEST_TARGET_NAME = HelloWorld;
			};
			name = Release;
		};
/* End XCBuildConfiguration section */

/* Begin XCConfigurationList section */
		2352281C22A953D90046DFB5 /* Build configuration list for PBXProject "HelloWorld" */ = {
			isa = XCConfigurationList;
			buildConfigurations = (
				2352284722A953DB0046DFB5 /* Debug */,
				2352284822A953DB0046DFB5 /* Release */,
			);
			defaultConfigurationIsVisible = 0;
			defaultConfigurationName = Release;
		};
		2352284922A953DB0046DFB5 /* Build configuration list for PBXNativeTarget "HelloWorld" */ = {
			isa = XCConfigurationList;
			buildConfigurations = (
				2352284A22A953DB0046DFB5 /* Debug */,
				2352284B22A953DB0046DFB5 /* Release */,
			);
			defaultConfigurationIsVisible = 0;
			defaultConfigurationName = Release;
		};
		2352284C22A953DB0046DFB5 /* Build configuration list for PBXNativeTarget "HelloWorldTests" */ = {
			isa = XCConfigurationList;
			buildConfigurations = (
				2352284D22A953DB0046DFB5 /* Debug */,
				2352284E22A953DB0046DFB5 /* Release */,
			);
			defaultConfigurationIsVisible = 0;
			defaultConfigurationName = Release;
		};
		2352284F22A953DB0046DFB5 /* Build configuration list for PBXNativeTarget "HelloWorldUITests" */ = {
			isa = XCConfigurationList;
			buildConfigurations = (
				2352285022A953DB0046DFB5 /* Debug */,
				2352285122A953DB0046DFB5 /* Release */,
			);
			defaultConfigurationIsVisible = 0;
			defaultConfigurationName = Release;
		};
/* End XCConfigurationList section */
	};
	rootObject = 2352281922A953D90046DFB5 /* Project object */;
}
